
Microsoft Visual Studio Solution File, Format Version 12.00
# Visual Studio Version 17
VisualStudioVersion = 17.1.32421.90
MinimumVisualStudioVersion = 10.0.40219.1
Project("{2150E333-8FDC-42A3-9474-1A3956D46DE8}") = "src", "src", "{2AB11CC7-C937-4961-96D0-B015B7A974E8}"
EndProject
Project("{2150E333-8FDC-42A3-9474-1A3956D46DE8}") = "test", "test", "{21509E56-ECE7-4D77-B54D-DF82619852D6}"
EndProject
Project("{FAE04EC0-301F-11D3-BF4B-00C04F79EFBC}") = "UniversityApp.BLL", "UniversityApp.BLL\UniversityApp.BLL.csproj", "{335AD6E2-8DFB-4E66-A06C-C0DD0E5E5134}"
EndProject
Project("{FAE04EC0-301F-11D3-BF4B-00C04F79EFBC}") = "UnversityApp.DLL", "UnversityApp.DLL\UnversityApp.DLL.csproj", "{2F594536-2DD3-4623-98E1-290AFD05BB75}"
EndProject
Project("{FAE04EC0-301F-11D3-BF4B-00C04F79EFBC}") = "UniversityApp.API", "UniversityApp.API\UniversityApp.API.csproj", "{A11507C9-6C63-4521-A73C-6745AE4C6467}"
EndProject
Global
	GlobalSection(SolutionConfigurationPlatforms) = preSolution
		Debug|Any CPU = Debug|Any CPU
		Release|Any CPU = Release|Any CPU
	EndGlobalSection
	GlobalSection(ProjectConfigurationPlatforms) = postSolution
		{335AD6E2-8DFB-4E66-A06C-C0DD0E5E5134}.Debug|Any CPU.ActiveCfg = Debug|Any CPU
		{335AD6E2-8DFB-4E66-A06C-C0DD0E5E5134}.Debug|Any CPU.Build.0 = Debug|Any CPU
		{335AD6E2-8DFB-4E66-A06C-C0DD0E5E5134}.Release|Any CPU.ActiveCfg = Release|Any CPU
		{335AD6E2-8DFB-4E66-A06C-C0DD0E5E5134}.Release|Any CPU.Build.0 = Release|Any CPU
		{2F594536-2DD3-4623-98E1-290AFD05BB75}.Debug|Any CPU.ActiveCfg = Debug|Any CPU
		{2F594536-2DD3-4623-98E1-290AFD05BB75}.Debug|Any CPU.Build.0 = Debug|Any CPU
		{2F594536-2DD3-4623-98E1-290AFD05BB75}.Release|Any CPU.ActiveCfg = Release|Any CPU
		{2F594536-2DD3-4623-98E1-290AFD05BB75}.Release|Any CPU.Build.0 = Release|Any CPU
		{A11507C9-6C63-4521-A73C-6745AE4C6467}.Debug|Any CPU.ActiveCfg = Debug|Any CPU
		{A11507C9-6C63-4521-A73C-6745AE4C6467}.Debug|Any CPU.Build.0 = Debug|Any CPU
		{A11507C9-6C63-4521-A73C-6745AE4C6467}.Release|Any CPU.ActiveCfg = Release|Any CPU
		{A11507C9-6C63-4521-A73C-6745AE4C6467}.Release|Any CPU.Build.0 = Release|Any CPU
	EndGlobalSection
	GlobalSection(SolutionProperties) = preSolution
		HideSolutionNode = FALSE
	EndGlobalSection
	GlobalSection(NestedProjects) = preSolution
		{335AD6E2-8DFB-4E66-A06C-C0DD0E5E5134} = {2AB11CC7-C937-4961-96D0-B015B7A974E8}
		{2F594536-2DD3-4623-98E1-290AFD05BB75} = {2AB11CC7-C937-4961-96D0-B015B7A974E8}
		{A11507C9-6C63-4521-A73C-6745AE4C6467} = {2AB11CC7-C937-4961-96D0-B015B7A974E8}
	EndGlobalSection
	GlobalSection(ExtensibilityGlobals) = postSolution
		SolutionGuid = {36EA68EE-86E2-4E90-B8A7-B1D56AF2E3B5}
	EndGlobalSection
EndGlobal
